PODS:
  - Flutter (1.0.0)
  - flutter_google_cast_button (0.0.1):
    - Flutter
    - google-cast-sdk (~> 4.8.0)
  - google-cast-sdk (4.8.0):
    - google-cast-sdk/Core (= 4.8.0)
    - Protobuf (~> 3.13)
  - google-cast-sdk/Core (4.8.0):
    - Protobuf (~> 3.13)
  - Protobuf (3.25.2)

DEPENDENCIES:
  - Flutter (from `Flutter`)
  - flutter_google_cast_button (from `.symlinks/plugins/flutter_google_cast_button/ios`)

SPEC REPOS:
  trunk:
    - google-cast-sdk
    - Protobuf

EXTERNAL SOURCES:
  Flutter:
    :path: Flutter
  flutter_google_cast_button:
    :path: ".symlinks/plugins/flutter_google_cast_button/ios"

SPEC CHECKSUMS:
  Flutter: f04841e97a9d0b0a8025694d0796dd46242b2854
  flutter_google_cast_button: 37d7b5f090538544fc15970e61903005b5c70700
  google-cast-sdk: afeb1aac0744b1bc4f70bc3db8468e33fabbff38
  Protobuf: 34db13339da0d02d64fa8a2ac6a124cfcc603703

PODFILE CHECKSUM: 7b0d07bdbe0a21e4c70e8292d899831b73ebdedb

COCOAPODS: 1.14.3
